
Microsoft Visual Studio Solution File, Format Version 12.00
# Visual Studio Version 17
VisualStudioVersion = 17.8.34601.278
MinimumVisualStudioVersion = 10.0.40219.1
Project("{9A19103F-16F7-4668-BE54-9A1E7A4F7556}") = "ServerSideEventsTestApp", "ServerSideEventsTestApp\ServerSideEventsTestApp.csproj", "{AB8A95EA-83E7-41B7-8953-EBC9F1A657B1}"
EndProject
Project("{FAE04EC0-301F-11D3-BF4B-00C04F79EFBC}") = "SSETestClient", "SSETestClient\SSETestClient.csproj", "{BDA3C643-FBB6-441E-87B4-A5C6AB4BA9FD}"
EndProject
Global
	GlobalSection(SolutionConfigurationPlatforms) = preSolution
		Debug|Any CPU = Debug|Any CPU
		Release|Any CPU = Release|Any CPU
	EndGlobalSection
	GlobalSection(ProjectConfigurationPlatforms) = postSolution
		{AB8A95EA-83E7-41B7-8953-EBC9F1A657B1}.Debug|Any CPU.ActiveCfg = Debug|Any CPU
		{AB8A95EA-83E7-41B7-8953-EBC9F1A657B1}.Debug|Any CPU.Build.0 = Debug|Any CPU
		{AB8A95EA-83E7-41B7-8953-EBC9F1A657B1}.Release|Any CPU.ActiveCfg = Release|Any CPU
		{AB8A95EA-83E7-41B7-8953-EBC9F1A657B1}.Release|Any CPU.Build.0 = Release|Any CPU
		{BDA3C643-FBB6-441E-87B4-A5C6AB4BA9FD}.Debug|Any CPU.ActiveCfg = Debug|Any CPU
		{BDA3C643-FBB6-441E-87B4-A5C6AB4BA9FD}.Debug|Any CPU.Build.0 = Debug|Any CPU
		{BDA3C643-FBB6-441E-87B4-A5C6AB4BA9FD}.Release|Any CPU.ActiveCfg = Release|Any CPU
		{BDA3C643-FBB6-441E-87B4-A5C6AB4BA9FD}.Release|Any CPU.Build.0 = Release|Any CPU
	EndGlobalSection
	GlobalSection(SolutionProperties) = preSolution
		HideSolutionNode = FALSE
	EndGlobalSection
	GlobalSection(ExtensibilityGlobals) = postSolution
		SolutionGuid = {A28EE6DD-06EE-4184-AAD7-F32DF5018C8B}
	EndGlobalSection
EndGlobal
